
Microsoft Visual Studio Solution File, Format Version 12.00
# Visual Studio Version 16
VisualStudioVersion = 16.0.31729.503
MinimumVisualStudioVersion = 10.0.40219.1
Project("{9A19103F-16F7-4668-BE54-9A1E7A4F7556}") = "Task2", "Task2\Task2.csproj", "{FCADED67-04D8-475A-BB86-63A95F4C2392}"
EndProject
Project("{9A19103F-16F7-4668-BE54-9A1E7A4F7556}") = "Task3", "Task3\Task3.csproj", "{179AD087-7928-443A-8361-75716962D3E1}"
EndProject
Project("{9A19103F-16F7-4668-BE54-9A1E7A4F7556}") = "Task1", "Task1\Task1.csproj", "{F68D9A70-37BA-491B-A681-727A156DCEC2}"
EndProject
Project("{FAE04EC0-301F-11D3-BF4B-00C04F79EFBC}") = "Task4", "Task4\Task4.csproj", "{A301F1BB-BA94-454F-BEA1-FD975C599EC9}"
EndProject
Global
	GlobalSection(SolutionConfigurationPlatforms) = preSolution
		Debug|Any CPU = Debug|Any CPU
		Release|Any CPU = Release|Any CPU
	EndGlobalSection
	GlobalSection(ProjectConfigurationPlatforms) = postSolution
		{FCADED67-04D8-475A-BB86-63A95F4C2392}.Debug|Any CPU.ActiveCfg = Debug|Any CPU
		{FCADED67-04D8-475A-BB86-63A95F4C2392}.Debug|Any CPU.Build.0 = Debug|Any CPU
		{FCADED67-04D8-475A-BB86-63A95F4C2392}.Release|Any CPU.ActiveCfg = Release|Any CPU
		{FCADED67-04D8-475A-BB86-63A95F4C2392}.Release|Any CPU.Build.0 = Release|Any CPU
		{179AD087-7928-443A-8361-75716962D3E1}.Debug|Any CPU.ActiveCfg = Debug|Any CPU
		{179AD087-7928-443A-8361-75716962D3E1}.Debug|Any CPU.Build.0 = Debug|Any CPU
		{179AD087-7928-443A-8361-75716962D3E1}.Release|Any CPU.ActiveCfg = Release|Any CPU
		{179AD087-7928-443A-8361-75716962D3E1}.Release|Any CPU.Build.0 = Release|Any CPU
		{F68D9A70-37BA-491B-A681-727A156DCEC2}.Debug|Any CPU.ActiveCfg = Debug|Any CPU
		{F68D9A70-37BA-491B-A681-727A156DCEC2}.Debug|Any CPU.Build.0 = Debug|Any CPU
		{F68D9A70-37BA-491B-A681-727A156DCEC2}.Release|Any CPU.ActiveCfg = Release|Any CPU
		{F68D9A70-37BA-491B-A681-727A156DCEC2}.Release|Any CPU.Build.0 = Release|Any CPU
		{A301F1BB-BA94-454F-BEA1-FD975C599EC9}.Debug|Any CPU.ActiveCfg = Debug|Any CPU
		{A301F1BB-BA94-454F-BEA1-FD975C599EC9}.Debug|Any CPU.Build.0 = Debug|Any CPU
		{A301F1BB-BA94-454F-BEA1-FD975C599EC9}.Release|Any CPU.ActiveCfg = Release|Any CPU
		{A301F1BB-BA94-454F-BEA1-FD975C599EC9}.Release|Any CPU.Build.0 = Release|Any CPU
	EndGlobalSection
	GlobalSection(SolutionProperties) = preSolution
		HideSolutionNode = FALSE
	EndGlobalSection
	GlobalSection(ExtensibilityGlobals) = postSolution
		SolutionGuid = {4A24CD37-DAEB-4471-878A-37AD8540865F}
	EndGlobalSection
EndGlobal
